
Microsoft Visual Studio Solution File, Format Version 12.00
# Visual Studio Version 17
VisualStudioVersion = 17.1.32319.34
MinimumVisualStudioVersion = 10.0.40219.1
Project("{FAE04EC0-301F-11D3-BF4B-00C04F79EFBC}") = "ExampleAspFromScratch", "ExampleAspFromScratch\ExampleAspFromScratch.csproj", "{FFEFE9B7-DBD3-4580-9DE6-BBFCFF1A375A}"
EndProject
Global
	GlobalSection(SolutionConfigurationPlatforms) = preSolution
		Debug|Any CPU = Debug|Any CPU
		Release|Any CPU = Release|Any CPU
	EndGlobalSection
	GlobalSection(ProjectConfigurationPlatforms) = postSolution
		{FFEFE9B7-DBD3-4580-9DE6-BBFCFF1A375A}.Debug|Any CPU.ActiveCfg = Debug|Any CPU
		{FFEFE9B7-DBD3-4580-9DE6-BBFCFF1A375A}.Debug|Any CPU.Build.0 = Debug|Any CPU
		{FFEFE9B7-DBD3-4580-9DE6-BBFCFF1A375A}.Release|Any CPU.ActiveCfg = Release|Any CPU
		{FFEFE9B7-DBD3-4580-9DE6-BBFCFF1A375A}.Release|Any CPU.Build.0 = Release|Any CPU
	EndGlobalSection
	GlobalSection(SolutionProperties) = preSolution
		HideSolutionNode = FALSE
	EndGlobalSection
	GlobalSection(ExtensibilityGlobals) = postSolution
		SolutionGuid = {70DCB21C-061F-483B-90B7-453C8AFC75B7}
	EndGlobalSection
EndGlobal
